
Microsoft Visual Studio Solution File, Format Version 12.00
# Visual Studio Version 16
VisualStudioVersion = 16.0.30711.63
MinimumVisualStudioVersion = 10.0.40219.1
Project("{2150E333-8FDC-42A3-9474-1A3956D46DE8}") = "Domain", "Domain", "{631F2078-490B-494C-9B91-CCE2918E961D}"
EndProject
Project("{2150E333-8FDC-42A3-9474-1A3956D46DE8}") = "Web", "Web", "{5FFDF28F-D695-4BC8-963E-DF6CEA376900}"
EndProject
Project("{2150E333-8FDC-42A3-9474-1A3956D46DE8}") = "Core", "Core", "{B3BCD876-006A-4D1E-ABCE-6FFA43FA6362}"
EndProject
Project("{2150E333-8FDC-42A3-9474-1A3956D46DE8}") = "DataAccess", "DataAccess", "{C420A1F1-6F82-49A3-9670-C6EDAB779D0C}"
EndProject
Project("{2150E333-8FDC-42A3-9474-1A3956D46DE8}") = "Database", "Database", "{31A05450-9EAA-4580-BA5E-139056A7E491}"
EndProject
Project("{9A19103F-16F7-4668-BE54-9A1E7A4F7556}") = "LFM.Web", "Web\LFM.Web\LFM.Web.csproj", "{6E06A6A8-7DBA-4864-8EA1-9472C8FBB5C8}"
EndProject
Project("{9A19103F-16F7-4668-BE54-9A1E7A4F7556}") = "LFM.Domain.Read", "Domain\LFM.Domain.Read\LFM.Domain.Read.csproj", "{02C8193B-633D-4745-9233-28BE4EDB8A17}"
EndProject
Project("{9A19103F-16F7-4668-BE54-9A1E7A4F7556}") = "LFM.Domain.Write", "Domain\LFM.Domain.Write\LFM.Domain.Write.csproj", "{6DC79F32-83AD-42C8-B858-90AC70BD8634}"
EndProject
Project("{9A19103F-16F7-4668-BE54-9A1E7A4F7556}") = "LFM.DataAccess.DB.Core", "DataAccess\Database\LFM.DataAccess.DB.Core\LFM.DataAccess.DB.Core.csproj", "{5322D060-96D0-4EB0-8D0C-1ED64D0E28DF}"
EndProject
Project("{9A19103F-16F7-4668-BE54-9A1E7A4F7556}") = "LFM.DataAccess.DB.SQLite", "DataAccess\Database\LFM.DataAccess.DB.SQLite\LFM.DataAccess.DB.SQLite.csproj", "{52A29925-FBF6-49FB-84CA-44C2A56E0645}"
EndProject
Project("{9A19103F-16F7-4668-BE54-9A1E7A4F7556}") = "LFM.DataAccess.Domain", "DataAccess\LFM.DataAccess.Domain\LFM.DataAccess.Domain.csproj", "{281BB65E-2FAD-4F3F-9270-BF93B53E9300}"
EndProject
Project("{9A19103F-16F7-4668-BE54-9A1E7A4F7556}") = "LFM.Core.Common", "Core\LFM.Core.Common\LFM.Core.Common.csproj", "{35913D45-D258-45A3-A1C9-BD9F36CA33C6}"
EndProject
Project("{FAE04EC0-301F-11D3-BF4B-00C04F79EFBC}") = "Lfm.Core.Common.Web", "Core\Lfm.Core.Common.Web\Lfm.Core.Common.Web.csproj", "{6CC41813-6D83-48BD-A667-429A446BA7AB}"
EndProject
Global
	GlobalSection(SolutionConfigurationPlatforms) = preSolution
		Debug|Any CPU = Debug|Any CPU
		Release|Any CPU = Release|Any CPU
	EndGlobalSection
	GlobalSection(ProjectConfigurationPlatforms) = postSolution
		{6E06A6A8-7DBA-4864-8EA1-9472C8FBB5C8}.Debug|Any CPU.ActiveCfg = Debug|Any CPU
		{6E06A6A8-7DBA-4864-8EA1-9472C8FBB5C8}.Debug|Any CPU.Build.0 = Debug|Any CPU
		{6E06A6A8-7DBA-4864-8EA1-9472C8FBB5C8}.Release|Any CPU.ActiveCfg = Release|Any CPU
		{6E06A6A8-7DBA-4864-8EA1-9472C8FBB5C8}.Release|Any CPU.Build.0 = Release|Any CPU
		{02C8193B-633D-4745-9233-28BE4EDB8A17}.Debug|Any CPU.ActiveCfg = Debug|Any CPU
		{02C8193B-633D-4745-9233-28BE4EDB8A17}.Debug|Any CPU.Build.0 = Debug|Any CPU
		{02C8193B-633D-4745-9233-28BE4EDB8A17}.Release|Any CPU.ActiveCfg = Release|Any CPU
		{02C8193B-633D-4745-9233-28BE4EDB8A17}.Release|Any CPU.Build.0 = Release|Any CPU
		{6DC79F32-83AD-42C8-B858-90AC70BD8634}.Debug|Any CPU.ActiveCfg = Debug|Any CPU
		{6DC79F32-83AD-42C8-B858-90AC70BD8634}.Debug|Any CPU.Build.0 = Debug|Any CPU
		{6DC79F32-83AD-42C8-B858-90AC70BD8634}.Release|Any CPU.ActiveCfg = Release|Any CPU
		{6DC79F32-83AD-42C8-B858-90AC70BD8634}.Release|Any CPU.Build.0 = Release|Any CPU
		{5322D060-96D0-4EB0-8D0C-1ED64D0E28DF}.Debug|Any CPU.ActiveCfg = Debug|Any CPU
		{5322D060-96D0-4EB0-8D0C-1ED64D0E28DF}.Debug|Any CPU.Build.0 = Debug|Any CPU
		{5322D060-96D0-4EB0-8D0C-1ED64D0E28DF}.Release|Any CPU.ActiveCfg = Release|Any CPU
		{5322D060-96D0-4EB0-8D0C-1ED64D0E28DF}.Release|Any CPU.Build.0 = Release|Any CPU
		{52A29925-FBF6-49FB-84CA-44C2A56E0645}.Debug|Any CPU.ActiveCfg = Debug|Any CPU
		{52A29925-FBF6-49FB-84CA-44C2A56E0645}.Debug|Any CPU.Build.0 = Debug|Any CPU
		{52A29925-FBF6-49FB-84CA-44C2A56E0645}.Release|Any CPU.ActiveCfg = Release|Any CPU
		{52A29925-FBF6-49FB-84CA-44C2A56E0645}.Release|Any CPU.Build.0 = Release|Any CPU
		{281BB65E-2FAD-4F3F-9270-BF93B53E9300}.Debug|Any CPU.ActiveCfg = Debug|Any CPU
		{281BB65E-2FAD-4F3F-9270-BF93B53E9300}.Debug|Any CPU.Build.0 = Debug|Any CPU
		{281BB65E-2FAD-4F3F-9270-BF93B53E9300}.Release|Any CPU.ActiveCfg = Release|Any CPU
		{281BB65E-2FAD-4F3F-9270-BF93B53E9300}.Release|Any CPU.Build.0 = Release|Any CPU
		{35913D45-D258-45A3-A1C9-BD9F36CA33C6}.Debug|Any CPU.ActiveCfg = Debug|Any CPU
		{35913D45-D258-45A3-A1C9-BD9F36CA33C6}.Debug|Any CPU.Build.0 = Debug|Any CPU
		{35913D45-D258-45A3-A1C9-BD9F36CA33C6}.Release|Any CPU.ActiveCfg = Release|Any CPU
		{35913D45-D258-45A3-A1C9-BD9F36CA33C6}.Release|Any CPU.Build.0 = Release|Any CPU
		{6CC41813-6D83-48BD-A667-429A446BA7AB}.Debug|Any CPU.ActiveCfg = Debug|Any CPU
		{6CC41813-6D83-48BD-A667-429A446BA7AB}.Debug|Any CPU.Build.0 = Debug|Any CPU
		{6CC41813-6D83-48BD-A667-429A446BA7AB}.Release|Any CPU.ActiveCfg = Release|Any CPU
		{6CC41813-6D83-48BD-A667-429A446BA7AB}.Release|Any CPU.Build.0 = Release|Any CPU
	EndGlobalSection
	GlobalSection(SolutionProperties) = preSolution
		HideSolutionNode = FALSE
	EndGlobalSection
	GlobalSection(NestedProjects) = preSolution
		{31A05450-9EAA-4580-BA5E-139056A7E491} = {C420A1F1-6F82-49A3-9670-C6EDAB779D0C}
		{6E06A6A8-7DBA-4864-8EA1-9472C8FBB5C8} = {5FFDF28F-D695-4BC8-963E-DF6CEA376900}
		{02C8193B-633D-4745-9233-28BE4EDB8A17} = {631F2078-490B-494C-9B91-CCE2918E961D}
		{6DC79F32-83AD-42C8-B858-90AC70BD8634} = {631F2078-490B-494C-9B91-CCE2918E961D}
		{5322D060-96D0-4EB0-8D0C-1ED64D0E28DF} = {31A05450-9EAA-4580-BA5E-139056A7E491}
		{52A29925-FBF6-49FB-84CA-44C2A56E0645} = {31A05450-9EAA-4580-BA5E-139056A7E491}
		{281BB65E-2FAD-4F3F-9270-BF93B53E9300} = {C420A1F1-6F82-49A3-9670-C6EDAB779D0C}
		{35913D45-D258-45A3-A1C9-BD9F36CA33C6} = {B3BCD876-006A-4D1E-ABCE-6FFA43FA6362}
		{6CC41813-6D83-48BD-A667-429A446BA7AB} = {B3BCD876-006A-4D1E-ABCE-6FFA43FA6362}
	EndGlobalSection
	GlobalSection(ExtensibilityGlobals) = postSolution
		SolutionGuid = {49F7DB13-FD2D-4264-81C8-F738F6FEE5AE}
	EndGlobalSection
EndGlobal
