
Microsoft Visual Studio Solution File, Format Version 12.00
# Visual Studio Version 16
VisualStudioVersion = 16.0.30711.63
MinimumVisualStudioVersion = 10.0.40219.1
Project("{9A19103F-16F7-4668-BE54-9A1E7A4F7556}") = "LFM.Web", "LFM\LFM.Web.csproj", "{E49E4AFD-E734-4552-A848-292C649592C0}"
EndProject
Project("{FAE04EC0-301F-11D3-BF4B-00C04F79EFBC}") = "LFM.Core", "LFM.Core\LFM.Core.csproj", "{78A57DFB-A3FF-4BA6-AC35-F37AF92B2D8E}"
EndProject
Project("{FAE04EC0-301F-11D3-BF4B-00C04F79EFBC}") = "LFM.DAL", "LFM.DAL\LFM.DAL.csproj", "{6F9B63A4-AE93-4A35-B0F0-5D757E34D625}"
EndProject
Project("{FAE04EC0-301F-11D3-BF4B-00C04F79EFBC}") = "LFM.Domain.Command", "LFM.Domain.Command\LFM.Domain.Command.csproj", "{FF2939F8-7AF3-4BEE-BD97-86447510FA53}"
EndProject
Project("{FAE04EC0-301F-11D3-BF4B-00C04F79EFBC}") = "LFM.Domain.Providers", "LFM.Domain.Providers\LFM.Domain.Providers.csproj", "{617F8B51-3FB7-4B1C-8AC0-91A5AE258AD9}"
EndProject
Global
	GlobalSection(SolutionConfigurationPlatforms) = preSolution
		Debug|Any CPU = Debug|Any CPU
		Release|Any CPU = Release|Any CPU
	EndGlobalSection
	GlobalSection(ProjectConfigurationPlatforms) = postSolution
		{E49E4AFD-E734-4552-A848-292C649592C0}.Debug|Any CPU.ActiveCfg = Debug|Any CPU
		{E49E4AFD-E734-4552-A848-292C649592C0}.Debug|Any CPU.Build.0 = Debug|Any CPU
		{E49E4AFD-E734-4552-A848-292C649592C0}.Release|Any CPU.ActiveCfg = Release|Any CPU
		{E49E4AFD-E734-4552-A848-292C649592C0}.Release|Any CPU.Build.0 = Release|Any CPU
		{78A57DFB-A3FF-4BA6-AC35-F37AF92B2D8E}.Debug|Any CPU.ActiveCfg = Debug|Any CPU
		{78A57DFB-A3FF-4BA6-AC35-F37AF92B2D8E}.Debug|Any CPU.Build.0 = Debug|Any CPU
		{78A57DFB-A3FF-4BA6-AC35-F37AF92B2D8E}.Release|Any CPU.ActiveCfg = Release|Any CPU
		{78A57DFB-A3FF-4BA6-AC35-F37AF92B2D8E}.Release|Any CPU.Build.0 = Release|Any CPU
		{6F9B63A4-AE93-4A35-B0F0-5D757E34D625}.Debug|Any CPU.ActiveCfg = Debug|Any CPU
		{6F9B63A4-AE93-4A35-B0F0-5D757E34D625}.Debug|Any CPU.Build.0 = Debug|Any CPU
		{6F9B63A4-AE93-4A35-B0F0-5D757E34D625}.Release|Any CPU.ActiveCfg = Release|Any CPU
		{6F9B63A4-AE93-4A35-B0F0-5D757E34D625}.Release|Any CPU.Build.0 = Release|Any CPU
		{FF2939F8-7AF3-4BEE-BD97-86447510FA53}.Debug|Any CPU.ActiveCfg = Debug|Any CPU
		{FF2939F8-7AF3-4BEE-BD97-86447510FA53}.Debug|Any CPU.Build.0 = Debug|Any CPU
		{FF2939F8-7AF3-4BEE-BD97-86447510FA53}.Release|Any CPU.ActiveCfg = Release|Any CPU
		{FF2939F8-7AF3-4BEE-BD97-86447510FA53}.Release|Any CPU.Build.0 = Release|Any CPU
		{617F8B51-3FB7-4B1C-8AC0-91A5AE258AD9}.Debug|Any CPU.ActiveCfg = Debug|Any CPU
		{617F8B51-3FB7-4B1C-8AC0-91A5AE258AD9}.Debug|Any CPU.Build.0 = Debug|Any CPU
		{617F8B51-3FB7-4B1C-8AC0-91A5AE258AD9}.Release|Any CPU.ActiveCfg = Release|Any CPU
		{617F8B51-3FB7-4B1C-8AC0-91A5AE258AD9}.Release|Any CPU.Build.0 = Release|Any CPU
	EndGlobalSection
	GlobalSection(SolutionProperties) = preSolution
		HideSolutionNode = FALSE
	EndGlobalSection
	GlobalSection(ExtensibilityGlobals) = postSolution
		SolutionGuid = {49F7DB13-FD2D-4264-81C8-F738F6FEE5AE}
	EndGlobalSection
EndGlobal
